{"version":4,"terraform_version":"1.9.0","serial":1,"lineage":"d1022d27-69c4-bace-1304-9282748b217e","outputs":{"website_url":{"value":"http://dollar-game-firemandecko.s3-website-us-east-1.amazonaws.com","type":"string"}},"resources":[{"mode":"data","type":"aws_region","name":"current","provider":"provider[\"registry.opentofu.org/hashicorp/aws\"]","instances":[{"schema_version":0,"attributes":{"description":"US East (N. Virginia)","endpoint":"ec2.us-east-1.amazonaws.com","id":"us-east-1","name":"us-east-1"},"sensitive_attributes":[]}]},{"mode":"managed","type":"aws_s3_bucket","name":"website_bucket","provider":"provider[\"registry.opentofu.org/hashicorp/aws\"]","instances":[{"schema_version":0,"attributes":{"acceleration_status":"","acl":null,"arn":"arn:aws:s3:::dollar-game-firemandecko","bucket":"dollar-game-firemandecko","bucket_domain_name":"dollar-game-firemandecko.s3.amazonaws.com","bucket_prefix":"","bucket_regional_domain_name":"dollar-game-firemandecko.s3.us-east-1.amazonaws.com","cors_rule":[],"force_destroy":false,"grant":[{"id":"d8bb1014d1a392b902601d57847ef74db5a6039a88f2ffc94d43d4d9bca9d756","permissions":["FULL_CONTROL"],"type":"CanonicalUser","uri":""}],"hosted_zone_id":"Z3AQBSTGFYJSTF","id":"dollar-game-firemandecko","lifecycle_rule":[],"logging":[],"object_lock_configuration":[],"object_lock_enabled":false,"policy":"","region":"us-east-1","replication_configuration":[],"request_payer":"BucketOwner","server_side_encryption_configuration":[{"rule":[{"apply_server_side_encryption_by_default":[{"kms_master_key_id":"","sse_algorithm":"AES256"}],"bucket_key_enabled":false}]}],"tags":null,"tags_all":{},"timeouts":null,"versioning":[{"enabled":false,"mfa_delete":false}],"website":[],"website_domain":null,"website_endpoint":null},"sensitive_attributes":[],"private":"eyJlMmJmYjczMC1lY2FhLTExZTYtOGY4OC0zNDM2M2JjN2M0YzAiOnsiY3JlYXRlIjoxMjAwMDAwMDAwMDAwLCJkZWxldGUiOjM2MDAwMDAwMDAwMDAsInJlYWQiOjEyMDAwMDAwMDAwMDAsInVwZGF0ZSI6MTIwMDAwMDAwMDAwMH19"}]},{"mode":"managed","type":"aws_s3_bucket_policy","name":"website_bucket_policy","provider":"provider[\"registry.opentofu.org/hashicorp/aws\"]","instances":[{"schema_version":0,"attributes":{"bucket":"dollar-game-firemandecko","id":"dollar-game-firemandecko","policy":"{\"Statement\":[{\"Action\":\"s3:GetObject\",\"Effect\":\"Allow\",\"Principal\":\"*\",\"Resource\":\"arn:aws:s3:::dollar-game-firemandecko/*\",\"Sid\":\"PublicReadGetObject\"}],\"Version\":\"2012-10-17\"}"},"sensitive_attributes":[],"private":"bnVsbA==","dependencies":["aws_s3_bucket.website_bucket","aws_s3_bucket_public_access_block.website_public_access"]}]},{"mode":"managed","type":"aws_s3_bucket_public_access_block","name":"website_public_access","provider":"provider[\"registry.opentofu.org/hashicorp/aws\"]","instances":[{"schema_version":0,"attributes":{"block_public_acls":false,"block_public_policy":false,"bucket":"dollar-game-firemandecko","id":"dollar-game-firemandecko","ignore_public_acls":false,"restrict_public_buckets":false},"sensitive_attributes":[],"private":"bnVsbA==","dependencies":["aws_s3_bucket.website_bucket"]}]},{"mode":"managed","type":"aws_s3_bucket_website_configuration","name":"website_config","provider":"provider[\"registry.opentofu.org/hashicorp/aws\"]","instances":[{"schema_version":0,"attributes":{"bucket":"dollar-game-firemandecko","error_document":[{"key":"index.html"}],"expected_bucket_owner":"","id":"dollar-game-firemandecko","index_document":[{"suffix":"index.html"}],"redirect_all_requests_to":[],"routing_rule":[],"routing_rules":"","website_domain":"s3-website-us-east-1.amazonaws.com","website_endpoint":"dollar-game-firemandecko.s3-website-us-east-1.amazonaws.com"},"sensitive_attributes":[],"private":"bnVsbA==","dependencies":["aws_s3_bucket.website_bucket"]}]}],"check_results":null}
